{
  "name": "minion",
  "version": "0.0.1",
  "lockfileVersion": 3,
  "requires": true,
  "packages": {
    "": {
      "name": "minion",
      "version": "0.0.1",
      "license": "MIT",
      "dependencies": {
        "ananajs": "^0.3.1"
      }
    },
    "node_modules/ananajs": {
      "version": "0.3.1",
      "resolved": "https://registry.npmjs.org/ananajs/-/ananajs-0.3.1.tgz",
      "integrity": "sha512-jUnwxHsso2W2dBTw4FTng19PMw1I/Y0XM1usSdZADPEBTZ3gZP4SHnBeulwbXSwhDo8FOXCzHDqYAKBRaF+Hiw==",
      "license": "MIT",
      "bin": {
        "anana": "bin/anana.js"
      },
      "engines": {
        "node": ">=24"
      }
    }
  }
}
